{
  "name": "claude-remote-container",
  "version": "0.0.0",
  "lockfileVersion": 3,
  "requires": true,
  "packages": {
    "": {
      "name": "claude-remote-container",
      "version": "0.0.0",
      "dependencies": {
        "@anthropic-ai/claude-code": "2.1.201"
      }
    },
    "node_modules/@anthropic-ai/claude-code": {
      "version": "2.1.201",
      "resolved": "https://registry.npmjs.org/@anthropic-ai/claude-code/-/claude-code-2.1.201.tgz",
      "integrity": "sha512-BIWC6KCKtLNb8pbVIuWiJ+qcthCFhrmIm6u3wOcIHjYc5oruozQ7l5pWWGVyJcUrKygysdWS4pkljdXL2rDdsg==",
      "hasInstallScript": true,
      "license": "SEE LICENSE IN README.md",
      "bin": {
        "claude": "bin/claude.exe"
      },
      "engines": {
        "node": ">=22.0.0"
      },
      "optionalDependencies": {
        "@anthropic-ai/claude-code-darwin-arm64": "2.1.201",
        "@anthropic-ai/claude-code-darwin-x64": "2.1.201",
        "@anthropic-ai/claude-code-linux-arm64": "2.1.201",
        "@anthropic-ai/claude-code-linux-arm64-musl": "2.1.201",
        "@anthropic-ai/claude-code-linux-x64": "2.1.201",
        "@anthropic-ai/claude-code-linux-x64-musl": "2.1.201",
        "@anthropic-ai/claude-code-win32-arm64": "2.1.201",
        "@anthropic-ai/claude-code-win32-x64": "2.1.201"
      }
    },
    "node_modules/@anthropic-ai/claude-code-darwin-arm64": {
      "version": "2.1.201",
      "resolved": "https://registry.npmjs.org/@anthropic-ai/claude-code-darwin-arm64/-/claude-code-darwin-arm64-2.1.201.tgz",
      "integrity": "sha512-XCvnGO2PwNkR5K6LHC4r7jJwOLLNsypzfTwJFvWaV3D0VdhdCcrXT5TtdVL+fiLn+wNWHzKs1ztpzcXHI/uh8A==",
      "cpu": [
        "arm64"
      ],
      "license": "SEE LICENSE IN LICENSE.md",
      "optional": true,
      "os": [
        "darwin"
      ]
    },
    "node_modules/@anthropic-ai/claude-code-darwin-x64": {
      "version": "2.1.201",
      "resolved": "https://registry.npmjs.org/@anthropic-ai/claude-code-darwin-x64/-/claude-code-darwin-x64-2.1.201.tgz",
      "integrity": "sha512-q+FKESkjK32ddgVtnm0n7OmbvmjrrSF5KllzvKpZ+U61FSn4kvxertSNdmO12nXRzLyf3KsDVN5bL7052BtScg==",
      "cpu": [
        "x64"
      ],
      "license": "SEE LICENSE IN LICENSE.md",
      "optional": true,
      "os": [
        "darwin"
      ]
    },
    "node_modules/@anthropic-ai/claude-code-linux-arm64": {
      "version": "2.1.201",
      "resolved": "https://registry.npmjs.org/@anthropic-ai/claude-code-linux-arm64/-/claude-code-linux-arm64-2.1.201.tgz",
      "integrity": "sha512-3/5r/T5+zb8oxhkoO6nGNfaSpmRxCKfDxMx1oIEXVUhjXhqGCP1DAp+DgL5o76HaJgerL9euBKxSNuDiDAfrjg==",
      "cpu": [
        "arm64"
      ],
      "libc": [
        "glibc"
      ],
      "license": "SEE LICENSE IN LICENSE.md",
      "optional": true,
      "os": [
        "linux"
      ]
    },
    "node_modules/@anthropic-ai/claude-code-linux-arm64-musl": {
      "version": "2.1.201",
      "resolved": "https://registry.npmjs.org/@anthropic-ai/claude-code-linux-arm64-musl/-/claude-code-linux-arm64-musl-2.1.201.tgz",
      "integrity": "sha512-ptHKbcyMtKEYf9Uus3xzoRe/LonUHr3M8z2BQ/LqbiPgAPpa2c5aflR7ozJudebdXbRTZtFoOIVJpf4ePMofoA==",
      "cpu": [
        "arm64"
      ],
      "libc": [
        "musl"
      ],
      "license": "SEE LICENSE IN LICENSE.md",
      "optional": true,
      "os": [
        "linux"
      ]
    },
    "node_modules/@anthropic-ai/claude-code-linux-x64": {
      "version": "2.1.201",
      "resolved": "https://registry.npmjs.org/@anthropic-ai/claude-code-linux-x64/-/claude-code-linux-x64-2.1.201.tgz",
      "integrity": "sha512-pJaih99BHjY2WvBoPYvDMFhs90DwTXUaC8LIqQe/W+2g4jJr7VYMTVv0C60vIoxg17nxaMUTtlBhY87U3qP5kA==",
      "cpu": [
        "x64"
      ],
      "libc": [
        "glibc"
      ],
      "license": "SEE LICENSE IN LICENSE.md",
      "optional": true,
      "os": [
        "linux"
      ]
    },
    "node_modules/@anthropic-ai/claude-code-linux-x64-musl": {
      "version": "2.1.201",
      "resolved": "https://registry.npmjs.org/@anthropic-ai/claude-code-linux-x64-musl/-/claude-code-linux-x64-musl-2.1.201.tgz",
      "integrity": "sha512-/qKrs30pWM8vF4i+K3lgnXdpljCrgcSdAcGp8GGoXGze32vm6PnqsuRaoo950PT0q7FPdS+jXRm6owzm9xYgRg==",
      "cpu": [
        "x64"
      ],
      "libc": [
        "musl"
      ],
      "license": "SEE LICENSE IN LICENSE.md",
      "optional": true,
      "os": [
        "linux"
      ]
    },
    "node_modules/@anthropic-ai/claude-code-win32-arm64": {
      "version": "2.1.201",
      "resolved": "https://registry.npmjs.org/@anthropic-ai/claude-code-win32-arm64/-/claude-code-win32-arm64-2.1.201.tgz",
      "integrity": "sha512-22EuA2fLx/XbGSLDcSlW6qnMcnG1Rg2NofkJ8mk2HLLI/9KQfQ+DeFYvWxcue3vLNg0fnRAVYqHaTjzDywYDbw==",
      "cpu": [
        "arm64"
      ],
      "license": "SEE LICENSE IN LICENSE.md",
      "optional": true,
      "os": [
        "win32"
      ]
    },
    "node_modules/@anthropic-ai/claude-code-win32-x64": {
      "version": "2.1.201",
      "resolved": "https://registry.npmjs.org/@anthropic-ai/claude-code-win32-x64/-/claude-code-win32-x64-2.1.201.tgz",
      "integrity": "sha512-dxy5Mnj5sV9N97uI4pl9t7Ma2aOPS326BJZONwJy7nBfMeqjfkB6yaGrHdRJEPLIBkdewAcZEb8I/HhykBdXQw==",
      "cpu": [
        "x64"
      ],
      "license": "SEE LICENSE IN LICENSE.md",
      "optional": true,
      "os": [
        "win32"
      ]
    }
  }
}
