{
  "name": "claude-remote-container",
  "version": "0.0.0",
  "lockfileVersion": 3,
  "requires": true,
  "packages": {
    "": {
      "name": "claude-remote-container",
      "version": "0.0.0",
      "dependencies": {
        "@anthropic-ai/claude-code": "2.1.241"
      }
    },
    "node_modules/@anthropic-ai/claude-code": {
      "version": "2.1.241",
      "resolved": "https://registry.npmjs.org/@anthropic-ai/claude-code/-/claude-code-2.1.241.tgz",
      "integrity": "sha512-S7DWEmJJAsI5taAUjhKm6soXcFJYIVeTH6Lg9kmp3yntFllCP612hGwZ7thOGh8r7YaRUH9+1jCX5A9QGazsxg==",
      "hasInstallScript": true,
      "license": "SEE LICENSE IN README.md",
      "bin": {
        "claude": "bin/claude.exe"
      },
      "engines": {
        "node": ">=22.0.0"
      },
      "optionalDependencies": {
        "@anthropic-ai/claude-code-darwin-arm64": "2.1.241",
        "@anthropic-ai/claude-code-darwin-x64": "2.1.241",
        "@anthropic-ai/claude-code-linux-arm64": "2.1.241",
        "@anthropic-ai/claude-code-linux-arm64-musl": "2.1.241",
        "@anthropic-ai/claude-code-linux-x64": "2.1.241",
        "@anthropic-ai/claude-code-linux-x64-musl": "2.1.241",
        "@anthropic-ai/claude-code-win32-arm64": "2.1.241",
        "@anthropic-ai/claude-code-win32-x64": "2.1.241"
      }
    },
    "node_modules/@anthropic-ai/claude-code-darwin-arm64": {
      "version": "2.1.241",
      "resolved": "https://registry.npmjs.org/@anthropic-ai/claude-code-darwin-arm64/-/claude-code-darwin-arm64-2.1.241.tgz",
      "integrity": "sha512-CLxxd2aTrhKWYp9SCoUpNsuk1QIpMRS5IfVpJ73VmkJ9ZdNGQ+ktxZmzda7mz/vl1CcSiOvqVtk2xrWGGhahzg==",
      "cpu": [
        "arm64"
      ],
      "license": "SEE LICENSE IN LICENSE.md",
      "optional": true,
      "os": [
        "darwin"
      ]
    },
    "node_modules/@anthropic-ai/claude-code-darwin-x64": {
      "version": "2.1.241",
      "resolved": "https://registry.npmjs.org/@anthropic-ai/claude-code-darwin-x64/-/claude-code-darwin-x64-2.1.241.tgz",
      "integrity": "sha512-azcGoCiOJCMwVlSC7vG9J6nLQIiycv/W5asmRA+O5NxqRBmIMeRKB5rmjHgVCiIYHe2XrDRqksdt1zPUSZYgCw==",
      "cpu": [
        "x64"
      ],
      "license": "SEE LICENSE IN LICENSE.md",
      "optional": true,
      "os": [
        "darwin"
      ]
    },
    "node_modules/@anthropic-ai/claude-code-linux-arm64": {
      "version": "2.1.241",
      "resolved": "https://registry.npmjs.org/@anthropic-ai/claude-code-linux-arm64/-/claude-code-linux-arm64-2.1.241.tgz",
      "integrity": "sha512-tHsJhjwcoFyKTCQfYCclKjLtbnbbGKvcrzxUhMb6NDlPw9RrawmjSWUAdla7PtEVPaJsGkjGo4O2MQTlYIT+PA==",
      "cpu": [
        "arm64"
      ],
      "libc": [
        "glibc"
      ],
      "license": "SEE LICENSE IN LICENSE.md",
      "optional": true,
      "os": [
        "linux"
      ]
    },
    "node_modules/@anthropic-ai/claude-code-linux-arm64-musl": {
      "version": "2.1.241",
      "resolved": "https://registry.npmjs.org/@anthropic-ai/claude-code-linux-arm64-musl/-/claude-code-linux-arm64-musl-2.1.241.tgz",
      "integrity": "sha512-D2U26XKlKOCT/V/oIo2KNmGfaVAjqbNaU250IeViDnOLhuZNXyxnsfH3ptD0KIuHKvONPvqOTDiGrviQLNvs7g==",
      "cpu": [
        "arm64"
      ],
      "libc": [
        "musl"
      ],
      "license": "SEE LICENSE IN LICENSE.md",
      "optional": true,
      "os": [
        "linux"
      ]
    },
    "node_modules/@anthropic-ai/claude-code-linux-x64": {
      "version": "2.1.241",
      "resolved": "https://registry.npmjs.org/@anthropic-ai/claude-code-linux-x64/-/claude-code-linux-x64-2.1.241.tgz",
      "integrity": "sha512-yHcPvq6iSblC7Mj05yjWBJOfSC3scyyEYazdX/QRUmXmqYXc1hh8LGZaaZPGv+UFXOJZhpPnNCbyVLdMLFCr4Q==",
      "cpu": [
        "x64"
      ],
      "libc": [
        "glibc"
      ],
      "license": "SEE LICENSE IN LICENSE.md",
      "optional": true,
      "os": [
        "linux"
      ]
    },
    "node_modules/@anthropic-ai/claude-code-linux-x64-musl": {
      "version": "2.1.241",
      "resolved": "https://registry.npmjs.org/@anthropic-ai/claude-code-linux-x64-musl/-/claude-code-linux-x64-musl-2.1.241.tgz",
      "integrity": "sha512-SnnYE5oWOFhBvI/bqBbGZQpk7t9fYiODmAB1LFnQxFuxexVTI8c3x6zmcxX3y3LxIZDDS9YJnzSAqrTQBNj58w==",
      "cpu": [
        "x64"
      ],
      "libc": [
        "musl"
      ],
      "license": "SEE LICENSE IN LICENSE.md",
      "optional": true,
      "os": [
        "linux"
      ]
    },
    "node_modules/@anthropic-ai/claude-code-win32-arm64": {
      "version": "2.1.241",
      "resolved": "https://registry.npmjs.org/@anthropic-ai/claude-code-win32-arm64/-/claude-code-win32-arm64-2.1.241.tgz",
      "integrity": "sha512-5HpivSnvlaI1jyPRdg+kNQTvR9l0dyjDfd+zPQyleXUy6ge+/4s0bzL2uhtIZ9znJ+ng+zabar6Heh5ZYOmhAA==",
      "cpu": [
        "arm64"
      ],
      "license": "SEE LICENSE IN LICENSE.md",
      "optional": true,
      "os": [
        "win32"
      ]
    },
    "node_modules/@anthropic-ai/claude-code-win32-x64": {
      "version": "2.1.241",
      "resolved": "https://registry.npmjs.org/@anthropic-ai/claude-code-win32-x64/-/claude-code-win32-x64-2.1.241.tgz",
      "integrity": "sha512-/03kEFXQChkZ4OKU7fas0vByBOFgqUWXvsTNTK19ANS+yGYXVjaH5IYIrQFiXRrvbzVgwgZDwQb93FckZIcPqg==",
      "cpu": [
        "x64"
      ],
      "license": "SEE LICENSE IN LICENSE.md",
      "optional": true,
      "os": [
        "win32"
      ]
    }
  }
}
